
Microsoft Visual Studio Solution File, Format Version 12.00
# Visual Studio Version 16
VisualStudioVersion = 16.0.32228.343
MinimumVisualStudioVersion = 10.0.40219.1
Project("{FAE04EC0-301F-11D3-BF4B-00C04F79EFBC}") = "Banco", "Banco\Banco.csproj", "{812F0F63-71A4-49EC-A50C-E5426930E5FF}"
EndProject
Global
	GlobalSection(SolutionConfigurationPlatforms) = preSolution
		Debug|Any CPU = Debug|Any CPU
		Release|Any CPU = Release|Any CPU
	EndGlobalSection
	GlobalSection(ProjectConfigurationPlatforms) = postSolution
		{812F0F63-71A4-49EC-A50C-E5426930E5FF}.Debug|Any CPU.ActiveCfg = Debug|Any CPU
		{812F0F63-71A4-49EC-A50C-E5426930E5FF}.Debug|Any CPU.Build.0 = Debug|Any CPU
		{812F0F63-71A4-49EC-A50C-E5426930E5FF}.Release|Any CPU.ActiveCfg = Release|Any CPU
		{812F0F63-71A4-49EC-A50C-E5426930E5FF}.Release|Any CPU.Build.0 = Release|Any CPU
	EndGlobalSection
	GlobalSection(SolutionProperties) = preSolution
		HideSolutionNode = FALSE
	EndGlobalSection
	GlobalSection(ExtensibilityGlobals) = postSolution
		SolutionGuid = {2DC341EF-585A-4332-A808-62C6A0C9D836}
	EndGlobalSection
EndGlobal
